
Microsoft Visual Studio Solution File, Format Version 12.00
# Visual Studio Version 17
VisualStudioVersion = 17.14.36623.8 d17.14
MinimumVisualStudioVersion = 10.0.40219.1
Project("{FAE04EC0-301F-11D3-BF4B-00C04F79EFBC}") = "JintExample", "JintExample\JintExample.csproj", "{236E4544-BE6C-4E27-8FC7-0F8005AFF7B8}"
EndProject
Global
	GlobalSection(SolutionConfigurationPlatforms) = preSolution
		Debug|Any CPU = Debug|Any CPU
		Release|Any CPU = Release|Any CPU
	EndGlobalSection
	GlobalSection(ProjectConfigurationPlatforms) = postSolution
		{236E4544-BE6C-4E27-8FC7-0F8005AFF7B8}.Debug|Any CPU.ActiveCfg = Debug|Any CPU
		{236E4544-BE6C-4E27-8FC7-0F8005AFF7B8}.Debug|Any CPU.Build.0 = Debug|Any CPU
		{236E4544-BE6C-4E27-8FC7-0F8005AFF7B8}.Release|Any CPU.ActiveCfg = Release|Any CPU
		{236E4544-BE6C-4E27-8FC7-0F8005AFF7B8}.Release|Any CPU.Build.0 = Release|Any CPU
	EndGlobalSection
	GlobalSection(SolutionProperties) = preSolution
		HideSolutionNode = FALSE
	EndGlobalSection
	GlobalSection(ExtensibilityGlobals) = postSolution
		SolutionGuid = {04A7DAD3-ED6A-4730-818E-B76458C10FB2}
	EndGlobalSection
EndGlobal
